{
  "name": "obsohtml",
  "version": "1.9.7",
  "lockfileVersion": 3,
  "requires": true,
  "packages": {
    "": {
      "name": "obsohtml",
      "version": "1.9.7",
      "license": "MIT",
      "dependencies": {
        "commander": "^14.0.0"
      },
      "bin": {
        "obsohtml": "bin/obsohtml.js"
      },
      "funding": {
        "url": "https://github.com/j9t/obsohtml?sponsor=1"
      }
    },
    "node_modules/commander": {
      "version": "14.0.3",
      "resolved": "https://registry.npmjs.org/commander/-/commander-14.0.3.tgz",
      "integrity": "sha512-H+y0Jo/T1RZ9qPP4Eh1pkcQcLRglraJaSLoyOtHxu6AapkjWVCy2Sit1QQ4x3Dng8qDlSsZEet7g5Pq06MvTgw==",
      "license": "MIT",
      "engines": {
        "node": ">=20"
      }
    }
  }
}
