{
  "name": "@j9t/obsohtml",
  "version": "1.9.3",
  "lockfileVersion": 3,
  "requires": true,
  "packages": {
    "": {
      "name": "@j9t/obsohtml",
      "version": "1.9.3",
      "license": "CC-BY-SA-4.0",
      "dependencies": {
        "commander": "^14.0.0"
      },
      "bin": {
        "obsohtml": "bin/obsohtml.js"
      },
      "devDependencies": {}
    },
    "node_modules/commander": {
      "version": "14.0.1",
      "resolved": "https://registry.npmjs.org/commander/-/commander-14.0.1.tgz",
      "integrity": "sha512-2JkV3gUZUVrbNA+1sjBOYLsMZ5cEEl8GTFP2a4AVz5hvasAMCQ1D2l2le/cX+pV4N6ZU17zjUahLpIXRrnWL8A==",
      "license": "MIT",
      "engines": {
        "node": ">=20"
      }
    }
  }
}
