{
  "name": "@j9t/obsohtml",
  "version": "1.9.3",
  "lockfileVersion": 3,
  "requires": true,
  "packages": {
    "": {
      "name": "@j9t/obsohtml",
      "version": "1.9.3",
      "license": "CC-BY-SA-4.0",
      "dependencies": {
        "commander": "^14.0.0"
      },
      "bin": {
        "obsohtml": "bin/obsohtml.js"
      }
    },
    "node_modules/commander": {
      "version": "14.0.2",
      "resolved": "https://registry.npmjs.org/commander/-/commander-14.0.2.tgz",
      "integrity": "sha512-TywoWNNRbhoD0BXs1P3ZEScW8W5iKrnbithIl0YH+uCmBd0QpPOA8yc82DS3BIE5Ma6FnBVUsJ7wVUDz4dvOWQ==",
      "license": "MIT",
      "engines": {
        "node": ">=20"
      }
    }
  }
}
